github.com/biogo/hts v1.4.5 h1:mhVCpZaTYlAhBjMaAATGWBnauioBtmvOb0ApLdU4/+0=
github.com/biogo/hts v1.4.5/go.mod h1:GgiMFa6c4eEkwS3kCBRPv3oPgtRm7L8SXvdE9nICnYc=
github.com/cznic/sortutil v0.0.0-20181122101858-f5f958428db8 h1:LpMLYGyy67BoAFGda1NeOBQwqlv7nUXpm+rIVHGxZZ4=
github.com/cznic/sortutil v0.0.0-20181122101858-f5f958428db8/go.mod h1:q2w6Bg5jeox1B+QkJ6Wp/+Vn0G/bo3f1uY7Fn3vivIQ=
github.com/dsnet/compress v0.0.1 h1:PlZu0n3Tuv04TzpfPbrnI0HW/YwodEXDS+oPKahKF0Q=
github.com/dsnet/compress v0.0.1/go.mod h1:Aw8dCMJ7RioblQeTqt88akK31OvO8Dhf5JflhBbQEHo=
github.com/dsnet/golib v0.0.0-20171103203638-1ea166775780/go.mod h1:Lj+Z9rebOhdfkVLjJ8T6VcRQv3SXugXy999NBtR9aFY=
github.com/elliotwutingfeng/asciiset v0.0.0-20230602022725-51bbb787efab h1:h1UgjJdAAhj+uPL68n7XASS6bU+07ZX1WJvVS2eyoeY=
github.com/elliotwutingfeng/asciiset v0.0.0-20230602022725-51bbb787efab/go.mod h1:GLo/8fDswSAniFG+BFIaiSPcK610jyzgEhWYPQwuQdw=
github.com/elliotwutingfeng/asciiset v0.0.0-20260801111138-45c5fff54b41 h1:k6IHOr6orJ0s8nQ0b8QmuO8RVj0K3WYruDcQfcdqm8g=
github.com/elliotwutingfeng/asciiset v0.0.0-20260801111138-45c5fff54b41/go.mod h1:GLo/8fDswSAniFG+BFIaiSPcK610jyzgEhWYPQwuQdw=
github.com/klauspost/compress v1.4.1/go.mod h1:RyIbtBH6LamlWaDj8nUwkbUhJ87Yi3uG0guNDohfE1A=
github.com/klauspost/compress v1.18.4 h1:RPhnKRAQ4Fh8zU2FY/6ZFDwTVTxgJ/EMydqSTzE9a2c=
github.com/klauspost/compress v1.18.4/go.mod h1:R0h/fSBs8DE4ENlcrlib3PsXS61voFxhIs2DeRhCvJ4=
github.com/klauspost/compress v1.19.2 h1:hMRETovs/pu/dVWN7zIT1PGG8t509MwT6bO7XSi26R8=
github.com/klauspost/compress v1.19.2/go.mod h1:cwPg85FWrGar70rWktvGQj8/hthj3wpl0PGDogxkrSQ=
github.com/klauspost/cpuid v1.2.0/go.mod h1:Pj4uuM528wm8OyEC2QMXAi2YiTZ96dNQPGgoMS4s3ek=
github.com/klauspost/pgzip v1.2.6 h1:8RXeL5crjEUFnR2/Sn6GJNWtSQ3Dk8pq4CL3jvdDyjU=
github.com/klauspost/pgzip v1.2.6/go.mod h1:Ch1tH69qFZu15pkjo5kYi6mth2Zzwzt50oCQKQE9RUs=
github.com/kr/pretty v0.3.1 h1:flRD4NNwYAUpkphVc1HcthR4KEIFJ65n8Mw5qdRn3LE=
github.com/kr/pretty v0.3.1/go.mod h1:hoEshYVHaxMs3cyo3Yncou5ZscifuDolrwPKZanG3xk=
github.com/kr/text v0.2.0 h1:5Nx0Ya0ZqY2ygV366QzturHI13Jq95ApcVaJBhpS+AY=
github.com/kr/text v0.2.0/go.mod h1:eLer722TekiGuMkidMxC/pM04lWEeraHUUmBw8l2grE=
github.com/pierrec/lz4/v4 v4.1.25 h1:kocOqRffaIbU5djlIBr7Wh+cx82C0vtFb0fOurZHqD0=
github.com/pierrec/lz4/v4 v4.1.25/go.mod h1:EoQMVJgeeEOMsCqCzqFm2O0cJvljX2nGZjcRIPL34O4=
github.com/rogpeppe/go-internal v1.9.0 h1:73kH8U+JUqXU8lRuOHeVHaa/SZPifC7BkcraZVejAe8=
github.com/rogpeppe/go-internal v1.9.0/go.mod h1:WtVeX8xhTBvf0smdhujwtBcq4Qrzq/fJaraNFVN+nFs=
github.com/shenwei356/bio v0.14.0 h1:2Kim/Ii9j+k8/2OT1zd/TRac6KQc52nseR8kH3RR1Uk=
github.com/shenwei356/bio v0.14.0/go.mod h1:oKoj4yduQ8v5gukoEWJvBElK3A6byP0v1P9MbOVHJ2c=
github.com/shenwei356/util v0.5.6 h1:Qdb8fUGeIUMA3ZQXYrdzJFCqNkOZDcol2pts7oMMg0M=
github.com/shenwei356/util v0.5.6/go.mod h1:srQnMZk3ntd9AidKyEdsROEazlEn+dI8ZI0/5EQznw4=
github.com/shenwei356/xopen v0.3.2 h1:gD/0EvcMa6m2Y1XSdALs9WdhIgiZmn5wVZTjKldCCQo=
github.com/shenwei356/xopen v0.3.2/go.mod h1:6EQUa6I7Zsl2GQKqcL9qGLrTzVE+oZyly+uhzovQYSk=
github.com/shenwei356/xopen v0.4.0 h1:5B9+DmHw6bbJjYg8upFVD3S7t0AekGnat3pxo03weY4=
github.com/shenwei356/xopen v0.4.0/go.mod h1:nD6QKJWJHO66R7KRa5hvgDETkOiR4/GhsM0Qsp83qVM=
github.com/ulikunitz/xz v0.5.6/go.mod h1:2bypXElzHzzJZwzH67Y6wb67pO62Rzfn7BSiF4ABRW8=
github.com/ulikunitz/xz v0.5.14 h1:uv/0Bq533iFdnMHZdRBTOlaNMdb1+ZxXIlHDZHIHcvg=
github.com/ulikunitz/xz v0.5.14/go.mod h1:nbz6k7qbPmH4IRqmfOplQw/tblSgqTqBwxkY0oWt/14=
github.com/ulikunitz/xz v0.5.16 h1:ld6NyySjx5lowVKwJvMRLnW5nxKX/xnpSiFYZ/Lxur0=
github.com/ulikunitz/xz v0.5.16/go.mod h1:H9Rt/W6/Qj27PGauhQc6nfCDy7vHpzsOThBSaYDoEhw=
gopkg.in/check.v1 v1.0.0-20190902080502-41f04d3bba15 h1:YR8cESwS4TdDjEe65xsg0ogRM/Nc3DYOhEAlW+xobZo=
gopkg.in/check.v1 v1.0.0-20190902080502-41f04d3bba15/go.mod h1:Co6ibVJAznAaIkqp8huTwlJQCZ016jof/cbN4VW5Yz0=
gopkg.in/check.v1 v1.0.0-20201130134442-10cb98267c6c h1:Hei/4ADfdWqJk1ZMxUNpqntNwaWcugrBjAiHlqqRiVk=
